
Microsoft Visual Studio Solution File, Format Version 11.00
# Visual C# Express 2010
Project("{FAE04EC0-301F-11D3-BF4B-00C04F79EFBC}") = "SnorlaxRacer", "TheRoadNotTaken\TheRoadNotTaken\SnorlaxRacer.csproj", "{682D01C8-4E33-4E5D-A15B-476B0BBCBBDD}"
EndProject
Project("{FAE04EC0-301F-11D3-BF4B-00C04F79EFBC}") = "SnorlaxRacerContent", "TheRoadNotTaken\TheRoadNotTakenContent\SnorlaxRacerContent.contentproj", "{CEF762F5-914C-478D-BE08-F6D016DEA795}"
EndProject
Global
	GlobalSection(SolutionConfigurationPlatforms) = preSolution
		Debug|x86 = Debug|x86
		Release|x86 = Release|x86
	EndGlobalSection
	GlobalSection(ProjectConfigurationPlatforms) = postSolution
		{682D01C8-4E33-4E5D-A15B-476B0BBCBBDD}.Debug|x86.ActiveCfg = Debug|x86
		{682D01C8-4E33-4E5D-A15B-476B0BBCBBDD}.Debug|x86.Build.0 = Debug|x86
		{682D01C8-4E33-4E5D-A15B-476B0BBCBBDD}.Release|x86.ActiveCfg = Release|x86
		{682D01C8-4E33-4E5D-A15B-476B0BBCBBDD}.Release|x86.Build.0 = Release|x86
		{CEF762F5-914C-478D-BE08-F6D016DEA795}.Debug|x86.ActiveCfg = Debug|x86
		{CEF762F5-914C-478D-BE08-F6D016DEA795}.Release|x86.ActiveCfg = Release|x86
	EndGlobalSection
	GlobalSection(SolutionProperties) = preSolution
		HideSolutionNode = FALSE
	EndGlobalSection
EndGlobal
